// !$*UTF8*$!
{
	archiveVersion = 1;
	classes = {
	};
	objectVersion = 46;
	objects = {

/* Begin PBXBuildFile section */
		FE063FFF1A031B99004E0A4E /* AppDelegate.swift in Sources */ = {isa = PBXBuildFile; fileRef = FE063FFE1A031B99004E0A4E /* AppDelegate.swift */; };
		FE0640011A031B99004E0A4E /* ViewController.swift in Sources */ = {isa = PBXBuildFile; fileRef = FE0640001A031B99004E0A4E /* ViewController.swift */; };
		FE0640041A031B99004E0A4E /* Main.storyboard in Resources */ = {isa = PBXBuildFile; fileRef = FE0640021A031B99004E0A4E /* Main.storyboard */; };
		FE0640061A031B99004E0A4E /* Images.xcassets in Resources */ = {isa = PBXBuildFile; fileRef = FE0640051A031B99004E0A4E /* Images.xcassets */; };
		FE0640091A031B99004E0A4E /* LaunchScreen.xib in Resources */ = {isa = PBXBuildFile; fileRef = FE0640071A031B99004E0A4E /* LaunchScreen.xib */; };
		FE0640151A031B9A004E0A4E /* FingerPaintTests.swift in Sources */ = {isa = PBXBuildFile; fileRef = FE0640141A031B9A004E0A4E /* FingerPaintTests.swift */; };
		FE0640201A031D40004E0A4E /* SpecTests.swift in Sources */ = {isa = PBXBuildFile; fileRef = FE06401F1A031D40004E0A4E /* SpecTests.swift */; };
		FE0640211A031E3E004E0A4E /* ViewController.swift in Sources */ = {isa = PBXBuildFile; fileRef = FE0640001A031B99004E0A4E /* ViewController.swift */; };
		FE0640231A03203A004E0A4E /* CanvasView.swift in Sources */ = {isa = PBXBuildFile; fileRef = FE0640221A03203A004E0A4E /* CanvasView.swift */; };
		FE0640241A03203A004E0A4E /* CanvasView.swift in Sources */ = {isa = PBXBuildFile; fileRef = FE0640221A03203A004E0A4E /* CanvasView.swift */; };
		FE0640251A032649004E0A4E /* AppDelegate.swift in Sources */ = {isa = PBXBuildFile; fileRef = FE063FFE1A031B99004E0A4E /* AppDelegate.swift */; };
		FE0640261A03264D004E0A4E /* Main.storyboard in Resources */ = {isa = PBXBuildFile; fileRef = FE0640021A031B99004E0A4E /* Main.storyboard */; };
		FE06402E1A09BDD6004E0A4E /* Path.swift in Sources */ = {isa = PBXBuildFile; fileRef = FE06402D1A09BDD6004E0A4E /* Path.swift */; };
		FE06402F1A09BDD6004E0A4E /* Path.swift in Sources */ = {isa = PBXBuildFile; fileRef = FE06402D1A09BDD6004E0A4E /* Path.swift */; };
/* End PBXBuildFile section */

/* Begin PBXContainerItemProxy section */
		FE06400F1A031B9A004E0A4E /* PBXContainerItemProxy */ = {
			isa = PBXContainerItemProxy;
			containerPortal = FE063FF11A031B99004E0A4E /* Project object */;
			proxyType = 1;
			remoteGlobalIDString = FE063FF81A031B99004E0A4E;
			remoteInfo = FingerPaint;
		};
/* End PBXContainerItemProxy section */

/* Begin PBXFileReference section */
		FE063FF91A031B99004E0A4E /* FingerPaint.app */ = {isa = PBXFileReference; explicitFileType = wrapper.application; includeInIndex = 0; path = FingerPaint.app; sourceTree = BUILT_PRODUCTS_DIR; };
		FE063FFD1A031B99004E0A4E /* Info.plist */ = {isa = PBXFileReference; lastKnownFileType = text.plist.xml; path = Info.plist; sourceTree = "<group>"; };
		FE063FFE1A031B99004E0A4E /* AppDelegate.swift */ = {isa = PBXFileReference; lastKnownFileType = sourcecode.swift; path = AppDelegate.swift; sourceTree = "<group>"; };
		FE0640001A031B99004E0A4E /* ViewController.swift */ = {isa = PBXFileReference; lastKnownFileType = sourcecode.swift; path = ViewController.swift; sourceTree = "<group>"; };
		FE0640031A031B99004E0A4E /* Base */ = {isa = PBXFileReference; lastKnownFileType = file.storyboard; name = Base; path = Base.lproj/Main.storyboard; sourceTree = "<group>"; };
		FE0640051A031B99004E0A4E /* Images.xcassets */ = {isa = PBXFileReference; lastKnownFileType = folder.assetcatalog; path = Images.xcassets; sourceTree = "<group>"; };
		FE0640081A031B99004E0A4E /* Base */ = {isa = PBXFileReference; lastKnownFileType = file.xib; name = Base; path = Base.lproj/LaunchScreen.xib; sourceTree = "<group>"; };
		FE06400E1A031B9A004E0A4E /* FingerPaintTests.xctest */ = {isa = PBXFileReference; explicitFileType = wrapper.cfbundle; includeInIndex = 0; path = FingerPaintTests.xctest; sourceTree = BUILT_PRODUCTS_DIR; };
		FE0640131A031B9A004E0A4E /* Info.plist */ = {isa = PBXFileReference; lastKnownFileType = text.plist.xml; path = Info.plist; sourceTree = "<group>"; };
		FE0640141A031B9A004E0A4E /* FingerPaintTests.swift */ = {isa = PBXFileReference; lastKnownFileType = sourcecode.swift; path = FingerPaintTests.swift; sourceTree = "<group>"; };
		FE06401F1A031D40004E0A4E /* SpecTests.swift */ = {isa = PBXFileReference; fileEncoding = 4; lastKnownFileType = sourcecode.swift; path = SpecTests.swift; sourceTree = "<group>"; };
		FE0640221A03203A004E0A4E /* CanvasView.swift */ = {isa = PBXFileReference; fileEncoding = 4; lastKnownFileType = sourcecode.swift; path = CanvasView.swift; sourceTree = "<group>"; };
		FE06402D1A09BDD6004E0A4E /* Path.swift */ = {isa = PBXFileReference; fileEncoding = 4; lastKnownFileType = sourcecode.swift; path = Path.swift; sourceTree = "<group>"; };
/* End PBXFileReference section */

/* Begin PBXFrameworksBuildPhase section */
		FE063FF61A031B99004E0A4E /* Frameworks */ = {
			isa = PBXFrameworksBuildPhase;
			buildActionMask = 2147483647;
			files = (
			);
			runOnlyForDeploymentPostprocessing = 0;
		};
		FE06400B1A031B9A004E0A4E /* Frameworks */ = {
			isa = PBXFrameworksBuildPhase;
			buildActionMask = 2147483647;
			files = (
			);
			runOnlyForDeploymentPostprocessing = 0;
		};
/* End PBXFrameworksBuildPhase section */

/* Begin PBXGroup section */
		FE063FF01A031B99004E0A4E = {
			isa = PBXGroup;
			children = (
				FE063FFB1A031B99004E0A4E /* FingerPaint */,
				FE0640111A031B9A004E0A4E /* FingerPaintTests */,
				FE063FFA1A031B99004E0A4E /* Products */,
			);
			sourceTree = "<group>";
		};
		FE063FFA1A031B99004E0A4E /* Products */ = {
			isa = PBXGroup;
			children = (
				FE063FF91A031B99004E0A4E /* FingerPaint.app */,
				FE06400E1A031B9A004E0A4E /* FingerPaintTests.xctest */,
			);
			name = Products;
			sourceTree = "<group>";
		};
		FE063FFB1A031B99004E0A4E /* FingerPaint */ = {
			isa = PBXGroup;
			children = (
				FE063FFE1A031B99004E0A4E /* AppDelegate.swift */,
				FE0640001A031B99004E0A4E /* ViewController.swift */,
				FE0640021A031B99004E0A4E /* Main.storyboard */,
				FE0640051A031B99004E0A4E /* Images.xcassets */,
				FE0640071A031B99004E0A4E /* LaunchScreen.xib */,
				FE063FFC1A031B99004E0A4E /* Supporting Files */,
				FE0640221A03203A004E0A4E /* CanvasView.swift */,
				FE06402D1A09BDD6004E0A4E /* Path.swift */,
			);
			path = FingerPaint;
			sourceTree = "<group>";
		};
		FE063FFC1A031B99004E0A4E /* Supporting Files */ = {
			isa = PBXGroup;
			children = (
				FE063FFD1A031B99004E0A4E /* Info.plist */,
			);
			name = "Supporting Files";
			sourceTree = "<group>";
		};
		FE0640111A031B9A004E0A4E /* FingerPaintTests */ = {
			isa = PBXGroup;
			children = (
				FE06401E1A031D40004E0A4E /* spec */,
				FE0640141A031B9A004E0A4E /* FingerPaintTests.swift */,
				FE0640121A031B9A004E0A4E /* Supporting Files */,
			);
			path = FingerPaintTests;
			sourceTree = "<group>";
		};
		FE0640121A031B9A004E0A4E /* Supporting Files */ = {
			isa = PBXGroup;
			children = (
				FE0640131A031B9A004E0A4E /* Info.plist */,
			);
			name = "Supporting Files";
			sourceTree = "<group>";
		};
		FE06401E1A031D40004E0A4E /* spec */ = {
			isa = PBXGroup;
			children = (
				FE06401F1A031D40004E0A4E /* SpecTests.swift */,
			);
			path = spec;
			sourceTree = "<group>";
		};
/* End PBXGroup section */

/* Begin PBXNativeTarget section */
		FE063FF81A031B99004E0A4E /* FingerPaint */ = {
			isa = PBXNativeTarget;
			buildConfigurationList = FE0640181A031B9A004E0A4E /* Build configuration list for PBXNativeTarget "FingerPaint" */;
			buildPhases = (
				FE063FF51A031B99004E0A4E /* Sources */,
				FE063FF61A031B99004E0A4E /* Frameworks */,
				FE063FF71A031B99004E0A4E /* Resources */,
			);
			buildRules = (
			);
			dependencies = (
			);
			name = FingerPaint;
			productName = FingerPaint;
			productReference = FE063FF91A031B99004E0A4E /* FingerPaint.app */;
			productType = "com.apple.product-type.application";
		};
		FE06400D1A031B9A004E0A4E /* FingerPaintTests */ = {
			isa = PBXNativeTarget;
			buildConfigurationList = FE06401B1A031B9A004E0A4E /* Build configuration list for PBXNativeTarget "FingerPaintTests" */;
			buildPhases = (
				FE06400A1A031B9A004E0A4E /* Sources */,
				FE06400B1A031B9A004E0A4E /* Frameworks */,
				FE06400C1A031B9A004E0A4E /* Resources */,
			);
			buildRules = (
			);
			dependencies = (
				FE0640101A031B9A004E0A4E /* PBXTargetDependency */,
			);
			name = FingerPaintTests;
			productName = FingerPaintTests;
			productReference = FE06400E1A031B9A004E0A4E /* FingerPaintTests.xctest */;
			productType = "com.apple.product-type.bundle.unit-test";
		};
/* End PBXNativeTarget section */

/* Begin PBXProject section */
		FE063FF11A031B99004E0A4E /* Project object */ = {
			isa = PBXProject;
			attributes = {
				LastUpgradeCheck = 0610;
				ORGANIZATIONNAME = darkgod;
				TargetAttributes = {
					FE063FF81A031B99004E0A4E = {
						CreatedOnToolsVersion = 6.1;
					};
					FE06400D1A031B9A004E0A4E = {
						CreatedOnToolsVersion = 6.1;
						TestTargetID = FE063FF81A031B99004E0A4E;
					};
				};
			};
			buildConfigurationList = FE063FF41A031B99004E0A4E /* Build configuration list for PBXProject "FingerPaint" */;
			compatibilityVersion = "Xcode 3.2";
			developmentRegion = English;
			hasScannedForEncodings = 0;
			knownRegions = (
				en,
				Base,
			);
			mainGroup = FE063FF01A031B99004E0A4E;
			productRefGroup = FE063FFA1A031B99004E0A4E /* Products */;
			projectDirPath = "";
			projectRoot = "";
			targets = (
				FE063FF81A031B99004E0A4E /* FingerPaint */,
				FE06400D1A031B9A004E0A4E /* FingerPaintTests */,
			);
		};
/* End PBXProject section */

/* Begin PBXResourcesBuildPhase section */
		FE063FF71A031B99004E0A4E /* Resources */ = {
			isa = PBXResourcesBuildPhase;
			buildActionMask = 2147483647;
			files = (
				FE0640041A031B99004E0A4E /* Main.storyboard in Resources */,
				FE0640091A031B99004E0A4E /* LaunchScreen.xib in Resources */,
				FE0640061A031B99004E0A4E /* Images.xcassets in Resources */,
			);
			runOnlyForDeploymentPostprocessing = 0;
		};
		FE06400C1A031B9A004E0A4E /* Resources */ = {
			isa = PBXResourcesBuildPhase;
			buildActionMask = 2147483647;
			files = (
				FE0640261A03264D004E0A4E /* Main.storyboard in Resources */,
			);
			runOnlyForDeploymentPostprocessing = 0;
		};
/* End PBXResourcesBuildPhase section */

/* Begin PBXSourcesBuildPhase section */
		FE063FF51A031B99004E0A4E /* Sources */ = {
			isa = PBXSourcesBuildPhase;
			buildActionMask = 2147483647;
			files = (
				FE0640011A031B99004E0A4E /* ViewController.swift in Sources */,
				FE063FFF1A031B99004E0A4E /* AppDelegate.swift in Sources */,
				FE06402E1A09BDD6004E0A4E /* Path.swift in Sources */,
				FE0640231A03203A004E0A4E /* CanvasView.swift in Sources */,
			);
			runOnlyForDeploymentPostprocessing = 0;
		};
		FE06400A1A031B9A004E0A4E /* Sources */ = {
			isa = PBXSourcesBuildPhase;
			buildActionMask = 2147483647;
			files = (
				FE0640211A031E3E004E0A4E /* ViewController.swift in Sources */,
				FE0640201A031D40004E0A4E /* SpecTests.swift in Sources */,
				FE0640241A03203A004E0A4E /* CanvasView.swift in Sources */,
				FE0640251A032649004E0A4E /* AppDelegate.swift in Sources */,
				FE06402F1A09BDD6004E0A4E /* Path.swift in Sources */,
				FE0640151A031B9A004E0A4E /* FingerPaintTests.swift in Sources */,
			);
			runOnlyForDeploymentPostprocessing = 0;
		};
/* End PBXSourcesBuildPhase section */

/* Begin PBXTargetDependency section */
		FE0640101A031B9A004E0A4E /* PBXTargetDependency */ = {
			isa = PBXTargetDependency;
			target = FE063FF81A031B99004E0A4E /* FingerPaint */;
			targetProxy = FE06400F1A031B9A004E0A4E /* PBXContainerItemProxy */;
		};
/* End PBXTargetDependency section */

/* Begin PBXVariantGroup section */
		FE0640021A031B99004E0A4E /* Main.storyboard */ = {
			isa = PBXVariantGroup;
			children = (
				FE0640031A031B99004E0A4E /* Base */,
			);
			name = Main.storyboard;
			sourceTree = "<group>";
		};
		FE0640071A031B99004E0A4E /* LaunchScreen.xib */ = {
			isa = PBXVariantGroup;
			children = (
				FE0640081A031B99004E0A4E /* Base */,
			);
			name = LaunchScreen.xib;
			sourceTree = "<group>";
		};
/* End PBXVariantGroup section */

/* Begin XCBuildConfiguration section */
		FE0640161A031B9A004E0A4E /* Debug */ = {
			isa = XCBuildConfiguration;
			buildSettings = {
				ALWAYS_SEARCH_USER_PATHS = NO;
				CLANG_CXX_LANGUAGE_STANDARD = "gnu++0x";
				CLANG_CXX_LIBRARY = "libc++";
				CLANG_ENABLE_MODULES = YES;
				CLANG_ENABLE_OBJC_ARC = YES;
				CLANG_WARN_BOOL_CONVERSION = YES;
				CLANG_WARN_CONSTANT_CONVERSION = YES;
				CLANG_WARN_DIRECT_OBJC_ISA_USAGE = YES_ERROR;
				CLANG_WARN_EMPTY_BODY = YES;
				CLANG_WARN_ENUM_CONVERSION = YES;
				CLANG_WARN_INT_CONVERSION = YES;
				CLANG_WARN_OBJC_ROOT_CLASS = YES_ERROR;
				CLANG_WARN_UNREACHABLE_CODE = YES;
				CLANG_WARN__DUPLICATE_METHOD_MATCH = YES;
				"CODE_SIGN_IDENTITY[sdk=iphoneos*]" = "iPhone Developer";
				COPY_PHASE_STRIP = NO;
				ENABLE_STRICT_OBJC_MSGSEND = YES;
				GCC_C_LANGUAGE_STANDARD = gnu99;
				GCC_DYNAMIC_NO_PIC = NO;
				GCC_OPTIMIZATION_LEVEL = 0;
				GCC_PREPROCESSOR_DEFINITIONS = (
					"DEBUG=1",
					"$(inherited)",
				);
				GCC_SYMBOLS_PRIVATE_EXTERN = NO;
				GCC_WARN_64_TO_32_BIT_CONVERSION = YES;
				GCC_WARN_ABOUT_RETURN_TYPE = YES_ERROR;
				GCC_WARN_UNDECLARED_SELECTOR = YES;
				GCC_WARN_UNINITIALIZED_AUTOS = YES_AGGRESSIVE;
				GCC_WARN_UNUSED_FUNCTION = YES;
				GCC_WARN_UNUSED_VARIABLE = YES;
				IPHONEOS_DEPLOYMENT_TARGET = 8.1;
				MTL_ENABLE_DEBUG_INFO = YES;
				ONLY_ACTIVE_ARCH = YES;
				SDKROOT = iphoneos;
				SWIFT_OPTIMIZATION_LEVEL = "-Onone";
			};
			name = Debug;
		};
		FE0640171A031B9A004E0A4E /* Release */ = {
			isa = XCBuildConfiguration;
			buildSettings = {
				ALWAYS_SEARCH_USER_PATHS = NO;
				CLANG_CXX_LANGUAGE_STANDARD = "gnu++0x";
				CLANG_CXX_LIBRARY = "libc++";
				CLANG_ENABLE_MODULES = YES;
				CLANG_ENABLE_OBJC_ARC = YES;
				CLANG_WARN_BOOL_CONVERSION = YES;
				CLANG_WARN_CONSTANT_CONVERSION = YES;
				CLANG_WARN_DIRECT_OBJC_ISA_USAGE = YES_ERROR;
				CLANG_WARN_EMPTY_BODY = YES;
				CLANG_WARN_ENUM_CONVERSION = YES;
				CLANG_WARN_INT_CONVERSION = YES;
				CLANG_WARN_OBJC_ROOT_CLASS = YES_ERROR;
				CLANG_WARN_UNREACHABLE_CODE = YES;
				CLANG_WARN__DUPLICATE_METHOD_MATCH = YES;
				"CODE_SIGN_IDENTITY[sdk=iphoneos*]" = "iPhone Developer";
				COPY_PHASE_STRIP = YES;
				ENABLE_NS_ASSERTIONS = NO;
				ENABLE_STRICT_OBJC_MSGSEND = YES;
				GCC_C_LANGUAGE_STANDARD = gnu99;
				GCC_WARN_64_TO_32_BIT_CONVERSION = YES;
				GCC_WARN_ABOUT_RETURN_TYPE = YES_ERROR;
				GCC_WARN_UNDECLARED_SELECTOR = YES;
				GCC_WARN_UNINITIALIZED_AUTOS = YES_AGGRESSIVE;
				GCC_WARN_UNUSED_FUNCTION = YES;
				GCC_WARN_UNUSED_VARIABLE = YES;
				IPHONEOS_DEPLOYMENT_TARGET = 8.1;
				MTL_ENABLE_DEBUG_INFO = NO;
				SDKROOT = iphoneos;
				VALIDATE_PRODUCT = YES;
			};
			name = Release;
		};
		FE0640191A031B9A004E0A4E /* Debug */ = {
			isa = XCBuildConfiguration;
			buildSettings = {
				ASSETCATALOG_COMPILER_APPICON_NAME = AppIcon;
				INFOPLIST_FILE = FingerPaint/Info.plist;
				LD_RUNPATH_SEARCH_PATHS = "$(inherited) @executable_path/Frameworks";
				PRODUCT_NAME = "$(TARGET_NAME)";
			};
			name = Debug;
		};
		FE06401A1A031B9A004E0A4E /* Release */ = {
			isa = XCBuildConfiguration;
			buildSettings = {
				ASSETCATALOG_COMPILER_APPICON_NAME = AppIcon;
				INFOPLIST_FILE = FingerPaint/Info.plist;
				LD_RUNPATH_SEARCH_PATHS = "$(inherited) @executable_path/Frameworks";
				PRODUCT_NAME = "$(TARGET_NAME)";
			};
			name = Release;
		};
		FE06401C1A031B9A004E0A4E /* Debug */ = {
			isa = XCBuildConfiguration;
			buildSettings = {
				BUNDLE_LOADER = "$(TEST_HOST)";
				FRAMEWORK_SEARCH_PATHS = (
					"$(SDKROOT)/Developer/Library/Frameworks",
					"$(inherited)",
				);
				GCC_PREPROCESSOR_DEFINITIONS = (
					"DEBUG=1",
					"$(inherited)",
				);
				INFOPLIST_FILE = FingerPaintTests/Info.plist;
				LD_RUNPATH_SEARCH_PATHS = "$(inherited) @executable_path/Frameworks @loader_path/Frameworks";
				PRODUCT_NAME = "$(TARGET_NAME)";
				TEST_HOST = "$(BUILT_PRODUCTS_DIR)/FingerPaint.app/FingerPaint";
			};
			name = Debug;
		};
		FE06401D1A031B9A004E0A4E /* Release */ = {
			isa = XCBuildConfiguration;
			buildSettings = {
				BUNDLE_LOADER = "$(TEST_HOST)";
				FRAMEWORK_SEARCH_PATHS = (
					"$(SDKROOT)/Developer/Library/Frameworks",
					"$(inherited)",
				);
				INFOPLIST_FILE = FingerPaintTests/Info.plist;
				LD_RUNPATH_SEARCH_PATHS = "$(inherited) @executable_path/Frameworks @loader_path/Frameworks";
				PRODUCT_NAME = "$(TARGET_NAME)";
				TEST_HOST = "$(BUILT_PRODUCTS_DIR)/FingerPaint.app/FingerPaint";
			};
			name = Release;
		};
/* End XCBuildConfiguration section */

/* Begin XCConfigurationList section */
		FE063FF41A031B99004E0A4E /* Build configuration list for PBXProject "FingerPaint" */ = {
			isa = XCConfigurationList;
			buildConfigurations = (
				FE0640161A031B9A004E0A4E /* Debug */,
				FE0640171A031B9A004E0A4E /* Release */,
			);
			defaultConfigurationIsVisible = 0;
			defaultConfigurationName = Release;
		};
		FE0640181A031B9A004E0A4E /* Build configuration list for PBXNativeTarget "FingerPaint" */ = {
			isa = XCConfigurationList;
			buildConfigurations = (
				FE0640191A031B9A004E0A4E /* Debug */,
				FE06401A1A031B9A004E0A4E /* Release */,
			);
			defaultConfigurationIsVisible = 0;
		};
		FE06401B1A031B9A004E0A4E /* Build configuration list for PBXNativeTarget "FingerPaintTests" */ = {
			isa = XCConfigurationList;
			buildConfigurations = (
				FE06401C1A031B9A004E0A4E /* Debug */,
				FE06401D1A031B9A004E0A4E /* Release */,
			);
			defaultConfigurationIsVisible = 0;
		};
/* End XCConfigurationList section */
	};
	rootObject = FE063FF11A031B99004E0A4E /* Project object */;
}
